// !$*UTF8*$!
{
	archiveVersion = 1;
	classes = {
	};
	objectVersion = 50;
	objects = {

/* Begin PBXBuildFile section */
		DD41473D269CD80100A5DB20 /* AppDelegate.swift in Sources */ = {isa = PBXBuildFile; fileRef = DD41473C269CD80100A5DB20 /* AppDelegate.swift */; };
		DD41473F269CD80100A5DB20 /* SceneDelegate.swift in Sources */ = {isa = PBXBuildFile; fileRef = DD41473E269CD80100A5DB20 /* SceneDelegate.swift */; };
		DD414741269CD80100A5DB20 /* ViewController.swift in Sources */ = {isa = PBXBuildFile; fileRef = DD414740269CD80100A5DB20 /* ViewController.swift */; };
		DD414744269CD80100A5DB20 /* Main.storyboard in Resources */ = {isa = PBXBuildFile; fileRef = DD414742269CD80100A5DB20 /* Main.storyboard */; };
		DD414746269CD80300A5DB20 /* Assets.xcassets in Resources */ = {isa = PBXBuildFile; fileRef = DD414745269CD80300A5DB20 /* Assets.xcassets */; };
		DD414749269CD80300A5DB20 /* LaunchScreen.storyboard in Resources */ = {isa = PBXBuildFile; fileRef = DD414747269CD80300A5DB20 /* LaunchScreen.storyboard */; };
		DD414751269CD87C00A5DB20 /* gifLoad.swift in Sources */ = {isa = PBXBuildFile; fileRef = DD414750269CD87C00A5DB20 /* gifLoad.swift */; };
		DD414753269CD92700A5DB20 /* mygif.gif in Resources */ = {isa = PBXBuildFile; fileRef = DD414752269CD92700A5DB20 /* mygif.gif */; };
/* End PBXBuildFile section */

/* Begin PBXFileReference section */
		DD414739269CD80100A5DB20 /* GifInApp.app */ = {isa = PBXFileReference; explicitFileType = wrapper.application; includeInIndex = 0; path = GifInApp.app; sourceTree = BUILT_PRODUCTS_DIR; };
		DD41473C269CD80100A5DB20 /* AppDelegate.swift */ = {isa = PBXFileReference; lastKnownFileType = sourcecode.swift; path = AppDelegate.swift; sourceTree = "<group>"; };
		DD41473E269CD80100A5DB20 /* SceneDelegate.swift */ = {isa = PBXFileReference; lastKnownFileType = sourcecode.swift; path = SceneDelegate.swift; sourceTree = "<group>"; };
		DD414740269CD80100A5DB20 /* ViewController.swift */ = {isa = PBXFileReference; lastKnownFileType = sourcecode.swift; path = ViewController.swift; sourceTree = "<group>"; };
		DD414743269CD80100A5DB20 /* Base */ = {isa = PBXFileReference; lastKnownFileType = file.storyboard; name = Base; path = Base.lproj/Main.storyboard; sourceTree = "<group>"; };
		DD414745269CD80300A5DB20 /* Assets.xcassets */ = {isa = PBXFileReference; lastKnownFileType = folder.assetcatalog; path = Assets.xcassets; sourceTree = "<group>"; };
		DD414748269CD80300A5DB20 /* Base */ = {isa = PBXFileReference; lastKnownFileType = file.storyboard; name = Base; path = Base.lproj/LaunchScreen.storyboard; sourceTree = "<group>"; };
		DD41474A269CD80300A5DB20 /* Info.plist */ = {isa = PBXFileReference; lastKnownFileType = text.plist.xml; path = Info.plist; sourceTree = "<group>"; };
		DD414750269CD87C00A5DB20 /* gifLoad.swift */ = {isa = PBXFileReference; fileEncoding = 4; lastKnownFileType = sourcecode.swift; path = gifLoad.swift; sourceTree = "<group>"; };
		DD414752269CD92700A5DB20 /* mygif.gif */ = {isa = PBXFileReference; lastKnownFileType = image.gif; path = mygif.gif; sourceTree = "<group>"; };
/* End PBXFileReference section */

/* Begin PBXFrameworksBuildPhase section */
		DD414736269CD80100A5DB20 /* Frameworks */ = {
			isa = PBXFrameworksBuildPhase;
			buildActionMask = 2147483647;
			files = (
			);
			runOnlyForDeploymentPostprocessing = 0;
		};
/* End PBXFrameworksBuildPhase section */

/* Begin PBXGroup section */
		DD414730269CD80100A5DB20 = {
			isa = PBXGroup;
			children = (
				DD41473B269CD80100A5DB20 /* GifInApp */,
				DD41473A269CD80100A5DB20 /* Products */,
			);
			sourceTree = "<group>";
		};
		DD41473A269CD80100A5DB20 /* Products */ = {
			isa = PBXGroup;
			children = (
				DD414739269CD80100A5DB20 /* GifInApp.app */,
			);
			name = Products;
			sourceTree = "<group>";
		};
		DD41473B269CD80100A5DB20 /* GifInApp */ = {
			isa = PBXGroup;
			children = (
				DD41473C269CD80100A5DB20 /* AppDelegate.swift */,
				DD41473E269CD80100A5DB20 /* SceneDelegate.swift */,
				DD414740269CD80100A5DB20 /* ViewController.swift */,
				DD414742269CD80100A5DB20 /* Main.storyboard */,
				DD414745269CD80300A5DB20 /* Assets.xcassets */,
				DD414747269CD80300A5DB20 /* LaunchScreen.storyboard */,
				DD414752269CD92700A5DB20 /* mygif.gif */,
				DD41474A269CD80300A5DB20 /* Info.plist */,
				DD414750269CD87C00A5DB20 /* gifLoad.swift */,
			);
			path = GifInApp;
			sourceTree = "<group>";
		};
/* End PBXGroup section */

/* Begin PBXNativeTarget section */
		DD414738269CD80100A5DB20 /* GifInApp */ = {
			isa = PBXNativeTarget;
			buildConfigurationList = DD41474D269CD80300A5DB20 /* Build configuration list for PBXNativeTarget "GifInApp" */;
			buildPhases = (
				DD414735269CD80100A5DB20 /* Sources */,
				DD414736269CD80100A5DB20 /* Frameworks */,
				DD414737269CD80100A5DB20 /* Resources */,
			);
			buildRules = (
			);
			dependencies = (
			);
			name = GifInApp;
			productName = GifInApp;
			productReference = DD414739269CD80100A5DB20 /* GifInApp.app */;
			productType = "com.apple.product-type.application";
		};
/* End PBXNativeTarget section */

/* Begin PBXProject section */
		DD414731269CD80100A5DB20 /* Project object */ = {
			isa = PBXProject;
			attributes = {
				LastSwiftUpdateCheck = 1250;
				LastUpgradeCheck = 1250;
				TargetAttributes = {
					DD414738269CD80100A5DB20 = {
						CreatedOnToolsVersion = 12.5;
					};
				};
			};
			buildConfigurationList = DD414734269CD80100A5DB20 /* Build configuration list for PBXProject "GifInApp" */;
			compatibilityVersion = "Xcode 9.3";
			developmentRegion = en;
			hasScannedForEncodings = 0;
			knownRegions = (
				en,
				Base,
			);
			mainGroup = DD414730269CD80100A5DB20;
			productRefGroup = DD41473A269CD80100A5DB20 /* Products */;
			projectDirPath = "";
			projectRoot = "";
			targets = (
				DD414738269CD80100A5DB20 /* GifInApp */,
			);
		};
/* End PBXProject section */

/* Begin PBXResourcesBuildPhase section */
		DD414737269CD80100A5DB20 /* Resources */ = {
			isa = PBXResourcesBuildPhase;
			buildActionMask = 2147483647;
			files = (
				DD414749269CD80300A5DB20 /* LaunchScreen.storyboard in Resources */,
				DD414753269CD92700A5DB20 /* mygif.gif in Resources */,
				DD414746269CD80300A5DB20 /* Assets.xcassets in Resources */,
				DD414744269CD80100A5DB20 /* Main.storyboard in Resources */,
			);
			runOnlyForDeploymentPostprocessing = 0;
		};
/* End PBXResourcesBuildPhase section */

/* Begin PBXSourcesBuildPhase section */
		DD414735269CD80100A5DB20 /* Sources */ = {
			isa = PBXSourcesBuildPhase;
			buildActionMask = 2147483647;
			files = (
				DD414741269CD80100A5DB20 /* ViewController.swift in Sources */,
				DD41473D269CD80100A5DB20 /* AppDelegate.swift in Sources */,
				DD414751269CD87C00A5DB20 /* gifLoad.swift in Sources */,
				DD41473F269CD80100A5DB20 /* SceneDelegate.swift in Sources */,
			);
			runOnlyForDeploymentPostprocessing = 0;
		};
/* End PBXSourcesBuildPhase section */

/* Begin PBXVariantGroup section */
		DD414742269CD80100A5DB20 /* Main.storyboard */ = {
			isa = PBXVariantGroup;
			children = (
				DD414743269CD80100A5DB20 /* Base */,
			);
			name = Main.storyboard;
			sourceTree = "<group>";
		};
		DD414747269CD80300A5DB20 /* LaunchScreen.storyboard */ = {
			isa = PBXVariantGroup;
			children = (
				DD414748269CD80300A5DB20 /* Base */,
			);
			name = LaunchScreen.storyboard;
			sourceTree = "<group>";
		};
/* End PBXVariantGroup section */

/* Begin XCBuildConfiguration section */
		DD41474B269CD80300A5DB20 /* Debug */ = {
			isa = XCBuildConfiguration;
			buildSettings = {
				ALWAYS_SEARCH_USER_PATHS = NO;
				CLANG_ANALYZER_NONNULL = YES;
				CLANG_ANALYZER_NUMBER_OBJECT_CONVERSION = YES_AGGRESSIVE;
				CLANG_CXX_LANGUAGE_STANDARD = "gnu++14";
				CLANG_CXX_LIBRARY = "libc++";
				CLANG_ENABLE_MODULES = YES;
				CLANG_ENABLE_OBJC_ARC = YES;
				CLANG_ENABLE_OBJC_WEAK = YES;
				CLANG_WARN_BLOCK_CAPTURE_AUTORELEASING = YES;
				CLANG_WARN_BOOL_CONVERSION = YES;
				CLANG_WARN_COMMA = YES;
				CLANG_WARN_CONSTANT_CONVERSION = YES;
				CLANG_WARN_DEPRECATED_OBJC_IMPLEMENTATIONS = YES;
				CLANG_WARN_DIRECT_OBJC_ISA_USAGE = YES_ERROR;
				CLANG_WARN_DOCUMENTATION_COMMENTS = YES;
				CLANG_WARN_EMPTY_BODY = YES;
				CLANG_WARN_ENUM_CONVERSION = YES;
				CLANG_WARN_INFINITE_RECURSION = YES;
				CLANG_WARN_INT_CONVERSION = YES;
				CLANG_WARN_NON_LITERAL_NULL_CONVERSION = YES;
				CLANG_WARN_OBJC_IMPLICIT_RETAIN_SELF = YES;
				CLANG_WARN_OBJC_LITERAL_CONVERSION = YES;
				CLANG_WARN_OBJC_ROOT_CLASS = YES_ERROR;
				CLANG_WARN_QUOTED_INCLUDE_IN_FRAMEWORK_HEADER = YES;
				CLANG_WARN_RANGE_LOOP_ANALYSIS = YES;
				CLANG_WARN_STRICT_PROTOTYPES = YES;
				CLANG_WARN_SUSPICIOUS_MOVE = YES;
				CLANG_WARN_UNGUARDED_AVAILABILITY = YES_AGGRESSIVE;
				CLANG_WARN_UNREACHABLE_CODE = YES;
				CLANG_WARN__DUPLICATE_METHOD_MATCH = YES;
				COPY_PHASE_STRIP = NO;
				DEBUG_INFORMATION_FORMAT = dwarf;
				ENABLE_STRICT_OBJC_MSGSEND = YES;
				ENABLE_TESTABILITY = YES;
				GCC_C_LANGUAGE_STANDARD = gnu11;
				GCC_DYNAMIC_NO_PIC = NO;
				GCC_NO_COMMON_BLOCKS = YES;
				GCC_OPTIMIZATION_LEVEL = 0;
				GCC_PREPROCESSOR_DEFINITIONS = (
					"DEBUG=1",
					"$(inherited)",
				);
				GCC_WARN_64_TO_32_BIT_CONVERSION = YES;
				GCC_WARN_ABOUT_RETURN_TYPE = YES_ERROR;
				GCC_WARN_UNDECLARED_SELECTOR = YES;
				GCC_WARN_UNINITIALIZED_AUTOS = YES_AGGRESSIVE;
				GCC_WARN_UNUSED_FUNCTION = YES;
				GCC_WARN_UNUSED_VARIABLE = YES;
				IPHONEOS_DEPLOYMENT_TARGET = 14.5;
				MTL_ENABLE_DEBUG_INFO = INCLUDE_SOURCE;
				MTL_FAST_MATH = YES;
				ONLY_ACTIVE_ARCH = YES;
				SDKROOT = iphoneos;
				SWIFT_ACTIVE_COMPILATION_CONDITIONS = DEBUG;
				SWIFT_OPTIMIZATION_LEVEL = "-Onone";
			};
			name = Debug;
		};
		DD41474C269CD80300A5DB20 /* Release */ = {
			isa = XCBuildConfiguration;
			buildSettings = {
				ALWAYS_SEARCH_USER_PATHS = NO;
				CLANG_ANALYZER_NONNULL = YES;
				CLANG_ANALYZER_NUMBER_OBJECT_CONVERSION = YES_AGGRESSIVE;
				CLANG_CXX_LANGUAGE_STANDARD = "gnu++14";
				CLANG_CXX_LIBRARY = "libc++";
				CLANG_ENABLE_MODULES = YES;
				CLANG_ENABLE_OBJC_ARC = YES;
				CLANG_ENABLE_OBJC_WEAK = YES;
				CLANG_WARN_BLOCK_CAPTURE_AUTORELEASING = YES;
				CLANG_WARN_BOOL_CONVERSION = YES;
				CLANG_WARN_COMMA = YES;
				CLANG_WARN_CONSTANT_CONVERSION = YES;
				CLANG_WARN_DEPRECATED_OBJC_IMPLEMENTATIONS = YES;
				CLANG_WARN_DIRECT_OBJC_ISA_USAGE = YES_ERROR;
				CLANG_WARN_DOCUMENTATION_COMMENTS = YES;
				CLANG_WARN_EMPTY_BODY = YES;
				CLANG_WARN_ENUM_CONVERSION = YES;
				CLANG_WARN_INFINITE_RECURSION = YES;
				CLANG_WARN_INT_CONVERSION = YES;
				CLANG_WARN_NON_LITERAL_NULL_CONVERSION = YES;
				CLANG_WARN_OBJC_IMPLICIT_RETAIN_SELF = YES;
				CLANG_WARN_OBJC_LITERAL_CONVERSION = YES;
				CLANG_WARN_OBJC_ROOT_CLASS = YES_ERROR;
				CLANG_WARN_QUOTED_INCLUDE_IN_FRAMEWORK_HEADER = YES;
				CLANG_WARN_RANGE_LOOP_ANALYSIS = YES;
				CLANG_WARN_STRICT_PROTOTYPES = YES;
				CLANG_WARN_SUSPICIOUS_MOVE = YES;
				CLANG_WARN_UNGUARDED_AVAILABILITY = YES_AGGRESSIVE;
				CLANG_WARN_UNREACHABLE_CODE = YES;
				CLANG_WARN__DUPLICATE_METHOD_MATCH = YES;
				COPY_PHASE_STRIP = NO;
				DEBUG_INFORMATION_FORMAT = "dwarf-with-dsym";
				ENABLE_NS_ASSERTIONS = NO;
				ENABLE_STRICT_OBJC_MSGSEND = YES;
				GCC_C_LANGUAGE_STANDARD = gnu11;
				GCC_NO_COMMON_BLOCKS = YES;
				GCC_WARN_64_TO_32_BIT_CONVERSION = YES;
				GCC_WARN_ABOUT_RETURN_TYPE = YES_ERROR;
				GCC_WARN_UNDECLARED_SELECTOR = YES;
				GCC_WARN_UNINITIALIZED_AUTOS = YES_AGGRESSIVE;
				GCC_WARN_UNUSED_FUNCTION = YES;
				GCC_WARN_UNUSED_VARIABLE = YES;
				IPHONEOS_DEPLOYMENT_TARGET = 14.5;
				MTL_ENABLE_DEBUG_INFO = NO;
				MTL_FAST_MATH = YES;
				SDKROOT = iphoneos;
				SWIFT_COMPILATION_MODE = wholemodule;
				SWIFT_OPTIMIZATION_LEVEL = "-O";
				VALIDATE_PRODUCT = YES;
			};
			name = Release;
		};
		DD41474E269CD80300A5DB20 /* Debug */ = {
			isa = XCBuildConfiguration;
			buildSettings = {
				ASSETCATALOG_COMPILER_APPICON_NAME = AppIcon;
				ASSETCATALOG_COMPILER_GLOBAL_ACCENT_COLOR_NAME = AccentColor;
				CODE_SIGN_STYLE = Automatic;
				INFOPLIST_FILE = GifInApp/Info.plist;
				LD_RUNPATH_SEARCH_PATHS = (
					"$(inherited)",
					"@executable_path/Frameworks",
				);
				PRODUCT_BUNDLE_IDENTIFIER = com.Jora.GifInApp;
				PRODUCT_NAME = "$(TARGET_NAME)";
				SWIFT_VERSION = 5.0;
				TARGETED_DEVICE_FAMILY = "1,2";
			};
			name = Debug;
		};
		DD41474F269CD80300A5DB20 /* Release */ = {
			isa = XCBuildConfiguration;
			buildSettings = {
				ASSETCATALOG_COMPILER_APPICON_NAME = AppIcon;
				ASSETCATALOG_COMPILER_GLOBAL_ACCENT_COLOR_NAME = AccentColor;
				CODE_SIGN_STYLE = Automatic;
				INFOPLIST_FILE = GifInApp/Info.plist;
				LD_RUNPATH_SEARCH_PATHS = (
					"$(inherited)",
					"@executable_path/Frameworks",
				);
				PRODUCT_BUNDLE_IDENTIFIER = com.Jora.GifInApp;
				PRODUCT_NAME = "$(TARGET_NAME)";
				SWIFT_VERSION = 5.0;
				TARGETED_DEVICE_FAMILY = "1,2";
			};
			name = Release;
		};
/* End XCBuildConfiguration section */

/* Begin XCConfigurationList section */
		DD414734269CD80100A5DB20 /* Build configuration list for PBXProject "GifInApp" */ = {
			isa = XCConfigurationList;
			buildConfigurations = (
				DD41474B269CD80300A5DB20 /* Debug */,
				DD41474C269CD80300A5DB20 /* Release */,
			);
			defaultConfigurationIsVisible = 0;
			defaultConfigurationName = Release;
		};
		DD41474D269CD80300A5DB20 /* Build configuration list for PBXNativeTarget "GifInApp" */ = {
			isa = XCConfigurationList;
			buildConfigurations = (
				DD41474E269CD80300A5DB20 /* Debug */,
				DD41474F269CD80300A5DB20 /* Release */,
			);
			defaultConfigurationIsVisible = 0;
			defaultConfigurationName = Release;
		};
/* End XCConfigurationList section */
	};
	rootObject = DD414731269CD80100A5DB20 /* Project object */;
}
